
Microsoft Visual Studio Solution File, Format Version 12.00
# Visual Studio Version 16
VisualStudioVersion = 16.0.30204.135
MinimumVisualStudioVersion = 10.0.40219.1
Project("{9A19103F-16F7-4668-BE54-9A1E7A4F7556}") = "CommunityModJam", "CommunityModJam.csproj", "{12B66595-D97D-40D5-B28E-94202680F44C}"
EndProject
Global
	GlobalSection(SolutionConfigurationPlatforms) = preSolution
		Debug|Any CPU = Debug|Any CPU
		Release|Any CPU = Release|Any CPU
	EndGlobalSection
	GlobalSection(ProjectConfigurationPlatforms) = postSolution
		{12B66595-D97D-40D5-B28E-94202680F44C}.Debug|Any CPU.ActiveCfg = Debug|Any CPU
		{12B66595-D97D-40D5-B28E-94202680F44C}.Debug|Any CPU.Build.0 = Debug|Any CPU
		{12B66595-D97D-40D5-B28E-94202680F44C}.Release|Any CPU.ActiveCfg = Release|Any CPU
		{12B66595-D97D-40D5-B28E-94202680F44C}.Release|Any CPU.Build.0 = Release|Any CPU
	EndGlobalSection
	GlobalSection(SolutionProperties) = preSolution
		HideSolutionNode = FALSE
	EndGlobalSection
	GlobalSection(ExtensibilityGlobals) = postSolution
		SolutionGuid = {93E8DB5B-A336-42DC-A204-81652ABCA1E6}
	EndGlobalSection
EndGlobal
